// !$*UTF8*$!
{
	archiveVersion = 1;
	classes = {
	};
	objectVersion = 50;
	objects = {

/* Begin PBXBuildFile section */
		3D06390122EEB4FB00C4D5E9 /* PauseState.swift in Sources */ = {isa = PBXBuildFile; fileRef = 3D06390022EEB4FB00C4D5E9 /* PauseState.swift */; };
		3D06390322EEB50C00C4D5E9 /* PlayState.swift in Sources */ = {isa = PBXBuildFile; fileRef = 3D06390222EEB50C00C4D5E9 /* PlayState.swift */; };
		3D06390522EEB52300C4D5E9 /* LoseState.swift in Sources */ = {isa = PBXBuildFile; fileRef = 3D06390422EEB52300C4D5E9 /* LoseState.swift */; };
		3D06390722EEB53C00C4D5E9 /* ComputingState.swift in Sources */ = {isa = PBXBuildFile; fileRef = 3D06390622EEB53C00C4D5E9 /* ComputingState.swift */; };
		3D06390922EEB54E00C4D5E9 /* ReffingState.swift in Sources */ = {isa = PBXBuildFile; fileRef = 3D06390822EEB54E00C4D5E9 /* ReffingState.swift */; };
		3D06390B22EEB56100C4D5E9 /* AnimatingState.swift in Sources */ = {isa = PBXBuildFile; fileRef = 3D06390A22EEB56100C4D5E9 /* AnimatingState.swift */; };
		3D06390D22EEB57300C4D5E9 /* WinState.swift in Sources */ = {isa = PBXBuildFile; fileRef = 3D06390C22EEB57300C4D5E9 /* WinState.swift */; };
		3D06390F22F1DB8300C4D5E9 /* StoreScene.swift in Sources */ = {isa = PBXBuildFile; fileRef = 3D06390E22F1DB8300C4D5E9 /* StoreScene.swift */; };
		3D18A39D224D68D300343C29 /* Dispatch.swift in Sources */ = {isa = PBXBuildFile; fileRef = 3D18A39C224D68D300343C29 /* Dispatch.swift */; };
		3D2C757322C85362009ABD36 /* Direction.swift in Sources */ = {isa = PBXBuildFile; fileRef = 3D2C757222C85362009ABD36 /* Direction.swift */; };
		3D2C757522C854F8009ABD36 /* ItemModel.swift in Sources */ = {isa = PBXBuildFile; fileRef = 3D2C757422C854F8009ABD36 /* ItemModel.swift */; };
		3D30A4222216888300AFA1E1 /* RendererTests.swift in Sources */ = {isa = PBXBuildFile; fileRef = 3D30A4212216888300AFA1E1 /* RendererTests.swift */; };
		3D30A4292216899E00AFA1E1 /* BoardMocker.swift in Sources */ = {isa = PBXBuildFile; fileRef = 3D30A4232216892A00AFA1E1 /* BoardMocker.swift */; };
		3D30A42B2217F63500AFA1E1 /* TileCoord.swift in Sources */ = {isa = PBXBuildFile; fileRef = 3D30A42A2217F63500AFA1E1 /* TileCoord.swift */; };
		3D46333A22E7A4A1009159FF /* ObjectiveTracker.swift in Sources */ = {isa = PBXBuildFile; fileRef = 3D46333922E7A4A1009159FF /* ObjectiveTracker.swift */; };
		3D4F569222B2D087003695D8 /* SpriteSheet.swift in Sources */ = {isa = PBXBuildFile; fileRef = 3D4F569122B2D087003695D8 /* SpriteSheet.swift */; };
		3D4F569422B33B44003695D8 /* Helpers.swift in Sources */ = {isa = PBXBuildFile; fileRef = 3D4F569322B33B44003695D8 /* Helpers.swift */; };
		3D4F569622B88A90003695D8 /* HapticGenerator.swift in Sources */ = {isa = PBXBuildFile; fileRef = 3D4F569522B88A90003695D8 /* HapticGenerator.swift */; };
		3D528FD62154A50300EF65CA /* GameScene.sks in Resources */ = {isa = PBXBuildFile; fileRef = 3D528FD52154A50300EF65CA /* GameScene.sks */; };
		3D528FDF2155BD7300EF65CA /* Assets.xcassets in Resources */ = {isa = PBXBuildFile; fileRef = 3D528FDE2155BD7200EF65CA /* Assets.xcassets */; };
		3D58468822A6322900EDD845 /* RangeModel.swift in Sources */ = {isa = PBXBuildFile; fileRef = 3D58468722A6322900EDD845 /* RangeModel.swift */; };
		3D58468A22A6325300EDD845 /* CarryModel.swift in Sources */ = {isa = PBXBuildFile; fileRef = 3D58468922A6325300EDD845 /* CarryModel.swift */; };
		3D58468C22A632F100EDD845 /* AttackModel.swift in Sources */ = {isa = PBXBuildFile; fileRef = 3D58468B22A632F100EDD845 /* AttackModel.swift */; };
		3D5FB09420AE768700ACD716 /* AnimationSettings.swift in Sources */ = {isa = PBXBuildFile; fileRef = 3D5FB09320AE768700ACD716 /* AnimationSettings.swift */; };
		3D635E8F22E20CDA0090C99C /* AnimationModel.swift in Sources */ = {isa = PBXBuildFile; fileRef = 3D635E8E22E20CDA0090C99C /* AnimationModel.swift */; };
		3D674C9122C9BFDB0003AEB4 /* UIColor+Extensions.swift in Sources */ = {isa = PBXBuildFile; fileRef = 3D674C9022C9BFDB0003AEB4 /* UIColor+Extensions.swift */; };
		3D674C9322C9D54C0003AEB4 /* LevelSelect.sks in Resources */ = {isa = PBXBuildFile; fileRef = 3D674C9222C9D54C0003AEB4 /* LevelSelect.sks */; };
		3D674C9522C9D6640003AEB4 /* LevelSelect.swift in Sources */ = {isa = PBXBuildFile; fileRef = 3D674C9422C9D6640003AEB4 /* LevelSelect.swift */; };
		3D68BF9622FF3D9000FC9B10 /* AbilityModel.swift in Sources */ = {isa = PBXBuildFile; fileRef = 3D68BF9522FF3D9000FC9B10 /* AbilityModel.swift */; };
		3D6AACD8222A324D00C77B24 /* CGRectHelpers.swift in Sources */ = {isa = PBXBuildFile; fileRef = 3D6AACD7222A324D00C77B24 /* CGRectHelpers.swift */; };
		3D6AACE1222C997800C77B24 /* Header.swift in Sources */ = {isa = PBXBuildFile; fileRef = 3D6AACE0222C997800C77B24 /* Header.swift */; };
		3D6AACE4222CD38E00C77B24 /* Controls.swift in Sources */ = {isa = PBXBuildFile; fileRef = 3D6AACE3222CD38E00C77B24 /* Controls.swift */; };
		3D73D2E621C2226F00DB6FB7 /* PlayerWait.sks in Resources */ = {isa = PBXBuildFile; fileRef = 3D73D2E521C2226F00DB6FB7 /* PlayerWait.sks */; };
		3D7D8B2D2252857E0016FE4C /* CombatSimulator.swift in Sources */ = {isa = PBXBuildFile; fileRef = 3D7D8B2C2252857E0016FE4C /* CombatSimulator.swift */; };
		3D7D8B332253E5BC0016FE4C /* HUD.swift in Sources */ = {isa = PBXBuildFile; fileRef = 3D7D8B322253E5BC0016FE4C /* HUD.swift */; };
		3D7D8B352253F9850016FE4C /* HelperTextView.swift in Sources */ = {isa = PBXBuildFile; fileRef = 3D7D8B342253F9850016FE4C /* HelperTextView.swift */; };
		3D7D8B37225422440016FE4C /* TilesHelper.swift in Sources */ = {isa = PBXBuildFile; fileRef = 3D7D8B36225422440016FE4C /* TilesHelper.swift */; };
		3D7D8B3A225436B60016FE4C /* StoreKit.framework in Frameworks */ = {isa = PBXBuildFile; fileRef = 3D7D8B39225436B60016FE4C /* StoreKit.framework */; };
		3D7EF45C21D18D9000A2D9E8 /* Transformation.swift in Sources */ = {isa = PBXBuildFile; fileRef = 3D7EF45B21D18D9000A2D9E8 /* Transformation.swift */; };
		3D7EF45E21D18DAB00A2D9E8 /* TileTransformation.swift in Sources */ = {isa = PBXBuildFile; fileRef = 3D7EF45D21D18DAB00A2D9E8 /* TileTransformation.swift */; };
		3D90AAD021D8854300C7428A /* RefereeTests.swift in Sources */ = {isa = PBXBuildFile; fileRef = 3D90AACF21D8854300C7428A /* RefereeTests.swift */; };
		3D90AAD321D8869200C7428A /* Referee.swift in Sources */ = {isa = PBXBuildFile; fileRef = 3D90AAD121D8863100C7428A /* Referee.swift */; };
		3D9C506021FE206000A2210D /* Renderer.swift in Sources */ = {isa = PBXBuildFile; fileRef = 3D9C505F21FE206000A2210D /* Renderer.swift */; };
		3DA0087D21E6D1960017D8DA /* TileCreator.swift in Sources */ = {isa = PBXBuildFile; fileRef = 3DA0087C21E6D1960017D8DA /* TileCreator.swift */; };
		3DA0A37822FFA6250041EF34 /* StoreItem.swift in Sources */ = {isa = PBXBuildFile; fileRef = 3DA0A37722FFA6250041EF34 /* StoreItem.swift */; };
		3DA0A37A22FFAECE0041EF34 /* UIFont+Extensions.swift in Sources */ = {isa = PBXBuildFile; fileRef = 3DA0A37922FFAECE0041EF34 /* UIFont+Extensions.swift */; };
		3DA0A37D2300CDFC0041EF34 /* DoubleAttack.swift in Sources */ = {isa = PBXBuildFile; fileRef = 3DA0A37C2300CDFC0041EF34 /* DoubleAttack.swift */; };
		3DA0A37F2300CE3B0041EF34 /* ShieldEast.swift in Sources */ = {isa = PBXBuildFile; fileRef = 3DA0A37E2300CE3B0041EF34 /* ShieldEast.swift */; };
		3DA0A3812303D46F0041EF34 /* StoreInventory.swift in Sources */ = {isa = PBXBuildFile; fileRef = 3DA0A3802303D46F0041EF34 /* StoreInventory.swift */; };
		3DA0A384230455B90041EF34 /* CGPoint+Extension.swift in Sources */ = {isa = PBXBuildFile; fileRef = 3DA0A383230455B90041EF34 /* CGPoint+Extension.swift */; };
		3DA0A386230457580041EF34 /* SKLabelNode+Extension.swift in Sources */ = {isa = PBXBuildFile; fileRef = 3DA0A385230457580041EF34 /* SKLabelNode+Extension.swift */; };
		3DA4E883228E5D2F006E90D1 /* SKSpriteNode+Extensions.swift in Sources */ = {isa = PBXBuildFile; fileRef = 3DA4E882228E5D2F006E90D1 /* SKSpriteNode+Extensions.swift */; };
		3DA4E88B228FC156006E90D1 /* Util.swift in Sources */ = {isa = PBXBuildFile; fileRef = 3DA4E88A228FC156006E90D1 /* Util.swift */; };
		3DA4E88D228FC7FC006E90D1 /* Label.swift in Sources */ = {isa = PBXBuildFile; fileRef = 3DA4E88C228FC7FC006E90D1 /* Label.swift */; };
		3DA4E88F228FC860006E90D1 /* SKNode+Extension.swift in Sources */ = {isa = PBXBuildFile; fileRef = 3DA4E88E228FC860006E90D1 /* SKNode+Extension.swift */; };
		3DA4E8912290A722006E90D1 /* entities.json in Resources */ = {isa = PBXBuildFile; fileRef = 3DA4E8902290A722006E90D1 /* entities.json */; };
		3DA4E8952290A7B4006E90D1 /* gloop.png in Resources */ = {isa = PBXBuildFile; fileRef = 3DA4E8942290A7B4006E90D1 /* gloop.png */; };
		3DA4E8972290A88C006E90D1 /* EntityModel.swift in Sources */ = {isa = PBXBuildFile; fileRef = 3DA4E8962290A88C006E90D1 /* EntityModel.swift */; };
		3DA4E8992290AC82006E90D1 /* EntityModelTests.swift in Sources */ = {isa = PBXBuildFile; fileRef = 3DA4E8982290AC82006E90D1 /* EntityModelTests.swift */; };
		3DA4E89C2290ACB3006E90D1 /* EntityTest.json in Resources */ = {isa = PBXBuildFile; fileRef = 3DA4E89B2290ACB3006E90D1 /* EntityTest.json */; };
		3DA4E89D2290B156006E90D1 /* EntityTest.json in Resources */ = {isa = PBXBuildFile; fileRef = 3DA4E89B2290ACB3006E90D1 /* EntityTest.json */; };
		3DAFBD3721B8E6E7009B116A /* InputQueue.swift in Sources */ = {isa = PBXBuildFile; fileRef = 3DAFBD3621B8E6E7009B116A /* InputQueue.swift */; };
		3DB270A522ADBD0100D9BF8B /* player.png in Resources */ = {isa = PBXBuildFile; fileRef = 3DB270A422ADBD0100D9BF8B /* player.png */; };
		3DB270A722AE065300D9BF8B /* Data+Extensions.swift in Sources */ = {isa = PBXBuildFile; fileRef = 3DB270A622AE065300D9BF8B /* Data+Extensions.swift */; };
		3DB270A922B00E0D00D9BF8B /* TileTypeTest+Extensions.swift in Sources */ = {isa = PBXBuildFile; fileRef = 3DB270A822B00E0D00D9BF8B /* TileTypeTest+Extensions.swift */; };
		3DC9CA1321D1DDD4004D05D5 /* Difficulty.swift in Sources */ = {isa = PBXBuildFile; fileRef = 3DC9CA1221D1DDD4004D05D5 /* Difficulty.swift */; };
		3DD36ECB21E5B86100AC4873 /* TileStrategy.swift in Sources */ = {isa = PBXBuildFile; fileRef = 3DD36ECA21E5B86100AC4873 /* TileStrategy.swift */; };
		3DD36ECD21E5BD9100AC4873 /* TileStrategyTests.swift in Sources */ = {isa = PBXBuildFile; fileRef = 3DD36ECC21E5BD9100AC4873 /* TileStrategyTests.swift */; };
		3DE657CD20B0AFD2003492DA /* Int+Extensions.swift in Sources */ = {isa = PBXBuildFile; fileRef = 3DE657CC20B0AFD2003492DA /* Int+Extensions.swift */; };
		3DE87C8E2235D05300D750CF /* MenuSpriteNode.swift in Sources */ = {isa = PBXBuildFile; fileRef = 3DE87C8D2235D05300D750CF /* MenuSpriteNode.swift */; };
		3DE87C9022374C2C00D750CF /* Button.swift in Sources */ = {isa = PBXBuildFile; fileRef = 3DE87C8F22374C2C00D750CF /* Button.swift */; };
		3DE87C92223D555A00D750CF /* InputQueueTests.swift in Sources */ = {isa = PBXBuildFile; fileRef = 3DE87C91223D555A00D750CF /* InputQueueTests.swift */; };
		3DE87C94223D691100D750CF /* GameState.swift in Sources */ = {isa = PBXBuildFile; fileRef = 3DE87C93223D691100D750CF /* GameState.swift */; };
		3DE87C96224068FA00D750CF /* GameStateTests.swift in Sources */ = {isa = PBXBuildFile; fileRef = 3DE87C95224068FA00D750CF /* GameStateTests.swift */; };
		3DF2924E20A37FEE006671AC /* AppDelegate.swift in Sources */ = {isa = PBXBuildFile; fileRef = 3DF2924D20A37FEE006671AC /* AppDelegate.swift */; };
		3DF2925420A37FEE006671AC /* GameScene.swift in Sources */ = {isa = PBXBuildFile; fileRef = 3DF2925320A37FEE006671AC /* GameScene.swift */; };
		3DF2925620A37FEE006671AC /* GameViewController.swift in Sources */ = {isa = PBXBuildFile; fileRef = 3DF2925520A37FEE006671AC /* GameViewController.swift */; };
		3DF2925920A37FEE006671AC /* Main.storyboard in Resources */ = {isa = PBXBuildFile; fileRef = 3DF2925720A37FEE006671AC /* Main.storyboard */; };
		3DF2925E20A37FF0006671AC /* LaunchScreen.storyboard in Resources */ = {isa = PBXBuildFile; fileRef = 3DF2925C20A37FF0006671AC /* LaunchScreen.storyboard */; };
		3DF2926920A37FF0006671AC /* BoardTests.swift in Sources */ = {isa = PBXBuildFile; fileRef = 3DF2926820A37FF0006671AC /* BoardTests.swift */; };
		3DF2928320A66BEB006671AC /* Tile.swift in Sources */ = {isa = PBXBuildFile; fileRef = 3DF2928220A66BEB006671AC /* Tile.swift */; };
		3DF2928520A76242006671AC /* Board.swift in Sources */ = {isa = PBXBuildFile; fileRef = 3DF2928420A76242006671AC /* Board.swift */; };
		5605D6D321CC2DF400C1C5C2 /* DFTileSpriteNode.swift in Sources */ = {isa = PBXBuildFile; fileRef = 5605D6D221CC2DF400C1C5C2 /* DFTileSpriteNode.swift */; };
/* End PBXBuildFile section */

/* Begin PBXContainerItemProxy section */
		3DF2926520A37FF0006671AC /* PBXContainerItemProxy */ = {
			isa = PBXContainerItemProxy;
			containerPortal = 3DF2924220A37FEE006671AC /* Project object */;
			proxyType = 1;
			remoteGlobalIDString = 3DF2924920A37FEE006671AC;
			remoteInfo = DownFall;
		};
/* End PBXContainerItemProxy section */

/* Begin PBXFileReference section */
		3D06390022EEB4FB00C4D5E9 /* PauseState.swift */ = {isa = PBXFileReference; lastKnownFileType = sourcecode.swift; path = PauseState.swift; sourceTree = "<group>"; };
		3D06390222EEB50C00C4D5E9 /* PlayState.swift */ = {isa = PBXFileReference; lastKnownFileType = sourcecode.swift; path = PlayState.swift; sourceTree = "<group>"; };
		3D06390422EEB52300C4D5E9 /* LoseState.swift */ = {isa = PBXFileReference; lastKnownFileType = sourcecode.swift; path = LoseState.swift; sourceTree = "<group>"; };
		3D06390622EEB53C00C4D5E9 /* ComputingState.swift */ = {isa = PBXFileReference; lastKnownFileType = sourcecode.swift; path = ComputingState.swift; sourceTree = "<group>"; };
		3D06390822EEB54E00C4D5E9 /* ReffingState.swift */ = {isa = PBXFileReference; lastKnownFileType = sourcecode.swift; path = ReffingState.swift; sourceTree = "<group>"; };
		3D06390A22EEB56100C4D5E9 /* AnimatingState.swift */ = {isa = PBXFileReference; lastKnownFileType = sourcecode.swift; path = AnimatingState.swift; sourceTree = "<group>"; };
		3D06390C22EEB57300C4D5E9 /* WinState.swift */ = {isa = PBXFileReference; lastKnownFileType = sourcecode.swift; path = WinState.swift; sourceTree = "<group>"; };
		3D06390E22F1DB8300C4D5E9 /* StoreScene.swift */ = {isa = PBXFileReference; lastKnownFileType = sourcecode.swift; path = StoreScene.swift; sourceTree = "<group>"; };
		3D18A39C224D68D300343C29 /* Dispatch.swift */ = {isa = PBXFileReference; lastKnownFileType = sourcecode.swift; path = Dispatch.swift; sourceTree = "<group>"; };
		3D2C757222C85362009ABD36 /* Direction.swift */ = {isa = PBXFileReference; lastKnownFileType = sourcecode.swift; path = Direction.swift; sourceTree = "<group>"; };
		3D2C757422C854F8009ABD36 /* ItemModel.swift */ = {isa = PBXFileReference; lastKnownFileType = sourcecode.swift; path = ItemModel.swift; sourceTree = "<group>"; };
		3D30A4212216888300AFA1E1 /* RendererTests.swift */ = {isa = PBXFileReference; lastKnownFileType = sourcecode.swift; path = RendererTests.swift; sourceTree = "<group>"; };
		3D30A4232216892A00AFA1E1 /* BoardMocker.swift */ = {isa = PBXFileReference; lastKnownFileType = sourcecode.swift; path = BoardMocker.swift; sourceTree = "<group>"; };
		3D30A42A2217F63500AFA1E1 /* TileCoord.swift */ = {isa = PBXFileReference; lastKnownFileType = sourcecode.swift; path = TileCoord.swift; sourceTree = "<group>"; };
		3D46333922E7A4A1009159FF /* ObjectiveTracker.swift */ = {isa = PBXFileReference; lastKnownFileType = sourcecode.swift; path = ObjectiveTracker.swift; sourceTree = "<group>"; };
		3D4F569122B2D087003695D8 /* SpriteSheet.swift */ = {isa = PBXFileReference; lastKnownFileType = sourcecode.swift; path = SpriteSheet.swift; sourceTree = "<group>"; };
		3D4F569322B33B44003695D8 /* Helpers.swift */ = {isa = PBXFileReference; lastKnownFileType = sourcecode.swift; path = Helpers.swift; sourceTree = "<group>"; };
		3D4F569522B88A90003695D8 /* HapticGenerator.swift */ = {isa = PBXFileReference; lastKnownFileType = sourcecode.swift; path = HapticGenerator.swift; sourceTree = "<group>"; };
		3D528FD52154A50300EF65CA /* GameScene.sks */ = {isa = PBXFileReference; lastKnownFileType = file.sks; path = GameScene.sks; sourceTree = "<group>"; };
		3D528FDE2155BD7200EF65CA /* Assets.xcassets */ = {isa = PBXFileReference; lastKnownFileType = folder.assetcatalog; path = Assets.xcassets; sourceTree = "<group>"; };
		3D58468722A6322900EDD845 /* RangeModel.swift */ = {isa = PBXFileReference; fileEncoding = 4; lastKnownFileType = sourcecode.swift; path = RangeModel.swift; sourceTree = "<group>"; };
		3D58468922A6325300EDD845 /* CarryModel.swift */ = {isa = PBXFileReference; lastKnownFileType = sourcecode.swift; path = CarryModel.swift; sourceTree = "<group>"; };
		3D58468B22A632F100EDD845 /* AttackModel.swift */ = {isa = PBXFileReference; lastKnownFileType = sourcecode.swift; path = AttackModel.swift; sourceTree = "<group>"; };
		3D5FB09320AE768700ACD716 /* AnimationSettings.swift */ = {isa = PBXFileReference; lastKnownFileType = sourcecode.swift; path = AnimationSettings.swift; sourceTree = "<group>"; };
		3D635E8E22E20CDA0090C99C /* AnimationModel.swift */ = {isa = PBXFileReference; lastKnownFileType = sourcecode.swift; path = AnimationModel.swift; sourceTree = "<group>"; };
		3D674C9022C9BFDB0003AEB4 /* UIColor+Extensions.swift */ = {isa = PBXFileReference; lastKnownFileType = sourcecode.swift; path = "UIColor+Extensions.swift"; sourceTree = "<group>"; };
		3D674C9222C9D54C0003AEB4 /* LevelSelect.sks */ = {isa = PBXFileReference; lastKnownFileType = file.sks; path = LevelSelect.sks; sourceTree = "<group>"; };
		3D674C9422C9D6640003AEB4 /* LevelSelect.swift */ = {isa = PBXFileReference; lastKnownFileType = sourcecode.swift; path = LevelSelect.swift; sourceTree = "<group>"; };
		3D68BF9522FF3D9000FC9B10 /* AbilityModel.swift */ = {isa = PBXFileReference; lastKnownFileType = sourcecode.swift; path = AbilityModel.swift; sourceTree = "<group>"; };
		3D6AACD7222A324D00C77B24 /* CGRectHelpers.swift */ = {isa = PBXFileReference; lastKnownFileType = sourcecode.swift; name = CGRectHelpers.swift; path = DownFall/CGRectHelpers.swift; sourceTree = "<group>"; };
		3D6AACE0222C997800C77B24 /* Header.swift */ = {isa = PBXFileReference; lastKnownFileType = sourcecode.swift; path = Header.swift; sourceTree = "<group>"; };
		3D6AACE3222CD38E00C77B24 /* Controls.swift */ = {isa = PBXFileReference; lastKnownFileType = sourcecode.swift; path = Controls.swift; sourceTree = "<group>"; };
		3D73D2E521C2226F00DB6FB7 /* PlayerWait.sks */ = {isa = PBXFileReference; lastKnownFileType = file.sks; path = PlayerWait.sks; sourceTree = "<group>"; };
		3D7D8B2C2252857E0016FE4C /* CombatSimulator.swift */ = {isa = PBXFileReference; lastKnownFileType = sourcecode.swift; path = CombatSimulator.swift; sourceTree = "<group>"; };
		3D7D8B322253E5BC0016FE4C /* HUD.swift */ = {isa = PBXFileReference; fileEncoding = 4; lastKnownFileType = sourcecode.swift; path = HUD.swift; sourceTree = "<group>"; };
		3D7D8B342253F9850016FE4C /* HelperTextView.swift */ = {isa = PBXFileReference; lastKnownFileType = sourcecode.swift; path = HelperTextView.swift; sourceTree = "<group>"; };
		3D7D8B36225422440016FE4C /* TilesHelper.swift */ = {isa = PBXFileReference; lastKnownFileType = sourcecode.swift; path = TilesHelper.swift; sourceTree = "<group>"; };
		3D7D8B39225436B60016FE4C /* StoreKit.framework */ = {isa = PBXFileReference; lastKnownFileType = wrapper.framework; name = StoreKit.framework; path = System/Library/Frameworks/StoreKit.framework; sourceTree = SDKROOT; };
		3D7EF45B21D18D9000A2D9E8 /* Transformation.swift */ = {isa = PBXFileReference; lastKnownFileType = sourcecode.swift; path = Transformation.swift; sourceTree = "<group>"; };
		3D7EF45D21D18DAB00A2D9E8 /* TileTransformation.swift */ = {isa = PBXFileReference; lastKnownFileType = sourcecode.swift; path = TileTransformation.swift; sourceTree = "<group>"; };
		3D90AACF21D8854300C7428A /* RefereeTests.swift */ = {isa = PBXFileReference; lastKnownFileType = sourcecode.swift; path = RefereeTests.swift; sourceTree = "<group>"; };
		3D90AAD121D8863100C7428A /* Referee.swift */ = {isa = PBXFileReference; lastKnownFileType = sourcecode.swift; path = Referee.swift; sourceTree = "<group>"; };
		3D9C505F21FE206000A2210D /* Renderer.swift */ = {isa = PBXFileReference; fileEncoding = 4; lastKnownFileType = sourcecode.swift; path = Renderer.swift; sourceTree = "<group>"; };
		3DA0087C21E6D1960017D8DA /* TileCreator.swift */ = {isa = PBXFileReference; lastKnownFileType = sourcecode.swift; path = TileCreator.swift; sourceTree = "<group>"; };
		3DA0A37722FFA6250041EF34 /* StoreItem.swift */ = {isa = PBXFileReference; lastKnownFileType = sourcecode.swift; path = StoreItem.swift; sourceTree = "<group>"; };
		3DA0A37922FFAECE0041EF34 /* UIFont+Extensions.swift */ = {isa = PBXFileReference; lastKnownFileType = sourcecode.swift; path = "UIFont+Extensions.swift"; sourceTree = "<group>"; };
		3DA0A37C2300CDFC0041EF34 /* DoubleAttack.swift */ = {isa = PBXFileReference; lastKnownFileType = sourcecode.swift; path = DoubleAttack.swift; sourceTree = "<group>"; };
		3DA0A37E2300CE3B0041EF34 /* ShieldEast.swift */ = {isa = PBXFileReference; lastKnownFileType = sourcecode.swift; path = ShieldEast.swift; sourceTree = "<group>"; };
		3DA0A3802303D46F0041EF34 /* StoreInventory.swift */ = {isa = PBXFileReference; lastKnownFileType = sourcecode.swift; path = StoreInventory.swift; sourceTree = "<group>"; };
		3DA0A383230455B90041EF34 /* CGPoint+Extension.swift */ = {isa = PBXFileReference; lastKnownFileType = sourcecode.swift; path = "CGPoint+Extension.swift"; sourceTree = "<group>"; };
		3DA0A385230457580041EF34 /* SKLabelNode+Extension.swift */ = {isa = PBXFileReference; lastKnownFileType = sourcecode.swift; path = "SKLabelNode+Extension.swift"; sourceTree = "<group>"; };
		3DA4E882228E5D2F006E90D1 /* SKSpriteNode+Extensions.swift */ = {isa = PBXFileReference; lastKnownFileType = sourcecode.swift; path = "SKSpriteNode+Extensions.swift"; sourceTree = "<group>"; };
		3DA4E88A228FC156006E90D1 /* Util.swift */ = {isa = PBXFileReference; lastKnownFileType = sourcecode.swift; path = Util.swift; sourceTree = "<group>"; };
		3DA4E88C228FC7FC006E90D1 /* Label.swift */ = {isa = PBXFileReference; lastKnownFileType = sourcecode.swift; path = Label.swift; sourceTree = "<group>"; };
		3DA4E88E228FC860006E90D1 /* SKNode+Extension.swift */ = {isa = PBXFileReference; lastKnownFileType = sourcecode.swift; path = "SKNode+Extension.swift"; sourceTree = "<group>"; };
		3DA4E8902290A722006E90D1 /* entities.json */ = {isa = PBXFileReference; lastKnownFileType = text.json; path = entities.json; sourceTree = "<group>"; };
		3DA4E8942290A7B4006E90D1 /* gloop.png */ = {isa = PBXFileReference; lastKnownFileType = image.png; path = gloop.png; sourceTree = "<group>"; };
		3DA4E8962290A88C006E90D1 /* EntityModel.swift */ = {isa = PBXFileReference; lastKnownFileType = sourcecode.swift; path = EntityModel.swift; sourceTree = "<group>"; };
		3DA4E8982290AC82006E90D1 /* EntityModelTests.swift */ = {isa = PBXFileReference; lastKnownFileType = sourcecode.swift; path = EntityModelTests.swift; sourceTree = "<group>"; };
		3DA4E89B2290ACB3006E90D1 /* EntityTest.json */ = {isa = PBXFileReference; lastKnownFileType = text.json; path = EntityTest.json; sourceTree = "<group>"; };
		3DAFBD3621B8E6E7009B116A /* InputQueue.swift */ = {isa = PBXFileReference; lastKnownFileType = sourcecode.swift; name = InputQueue.swift; path = DownFall/InputQueue.swift; sourceTree = SOURCE_ROOT; };
		3DB270A422ADBD0100D9BF8B /* player.png */ = {isa = PBXFileReference; lastKnownFileType = image.png; path = player.png; sourceTree = "<group>"; };
		3DB270A622AE065300D9BF8B /* Data+Extensions.swift */ = {isa = PBXFileReference; lastKnownFileType = sourcecode.swift; path = "Data+Extensions.swift"; sourceTree = "<group>"; };
		3DB270A822B00E0D00D9BF8B /* TileTypeTest+Extensions.swift */ = {isa = PBXFileReference; lastKnownFileType = sourcecode.swift; path = "TileTypeTest+Extensions.swift"; sourceTree = "<group>"; };
		3DC9CA1221D1DDD4004D05D5 /* Difficulty.swift */ = {isa = PBXFileReference; lastKnownFileType = sourcecode.swift; path = Difficulty.swift; sourceTree = "<group>"; };
		3DD36ECA21E5B86100AC4873 /* TileStrategy.swift */ = {isa = PBXFileReference; lastKnownFileType = sourcecode.swift; path = TileStrategy.swift; sourceTree = "<group>"; };
		3DD36ECC21E5BD9100AC4873 /* TileStrategyTests.swift */ = {isa = PBXFileReference; lastKnownFileType = sourcecode.swift; path = TileStrategyTests.swift; sourceTree = "<group>"; };
		3DE657CC20B0AFD2003492DA /* Int+Extensions.swift */ = {isa = PBXFileReference; lastKnownFileType = sourcecode.swift; path = "Int+Extensions.swift"; sourceTree = "<group>"; };
		3DE87C8D2235D05300D750CF /* MenuSpriteNode.swift */ = {isa = PBXFileReference; lastKnownFileType = sourcecode.swift; path = MenuSpriteNode.swift; sourceTree = "<group>"; };
		3DE87C8F22374C2C00D750CF /* Button.swift */ = {isa = PBXFileReference; lastKnownFileType = sourcecode.swift; path = Button.swift; sourceTree = "<group>"; };
		3DE87C91223D555A00D750CF /* InputQueueTests.swift */ = {isa = PBXFileReference; lastKnownFileType = sourcecode.swift; path = InputQueueTests.swift; sourceTree = "<group>"; };
		3DE87C93223D691100D750CF /* GameState.swift */ = {isa = PBXFileReference; lastKnownFileType = sourcecode.swift; path = GameState.swift; sourceTree = "<group>"; };
		3DE87C95224068FA00D750CF /* GameStateTests.swift */ = {isa = PBXFileReference; lastKnownFileType = sourcecode.swift; path = GameStateTests.swift; sourceTree = "<group>"; };
		3DF2924A20A37FEE006671AC /* DownFall.app */ = {isa = PBXFileReference; explicitFileType = wrapper.application; includeInIndex = 0; path = DownFall.app; sourceTree = BUILT_PRODUCTS_DIR; };
		3DF2924D20A37FEE006671AC /* AppDelegate.swift */ = {isa = PBXFileReference; lastKnownFileType = sourcecode.swift; path = AppDelegate.swift; sourceTree = "<group>"; };
		3DF2925320A37FEE006671AC /* GameScene.swift */ = {isa = PBXFileReference; lastKnownFileType = sourcecode.swift; path = GameScene.swift; sourceTree = "<group>"; };
		3DF2925520A37FEE006671AC /* GameViewController.swift */ = {isa = PBXFileReference; lastKnownFileType = sourcecode.swift; path = GameViewController.swift; sourceTree = "<group>"; };
		3DF2925820A37FEE006671AC /* Base */ = {isa = PBXFileReference; lastKnownFileType = file.storyboard; name = Base; path = Base.lproj/Main.storyboard; sourceTree = "<group>"; };
		3DF2925D20A37FF0006671AC /* Base */ = {isa = PBXFileReference; lastKnownFileType = file.storyboard; name = Base; path = Base.lproj/LaunchScreen.storyboard; sourceTree = "<group>"; };
		3DF2925F20A37FF0006671AC /* Info.plist */ = {isa = PBXFileReference; lastKnownFileType = text.plist.xml; path = Info.plist; sourceTree = "<group>"; };
		3DF2926420A37FF0006671AC /* DownFallTests.xctest */ = {isa = PBXFileReference; explicitFileType = wrapper.cfbundle; includeInIndex = 0; path = DownFallTests.xctest; sourceTree = BUILT_PRODUCTS_DIR; };
		3DF2926820A37FF0006671AC /* BoardTests.swift */ = {isa = PBXFileReference; lastKnownFileType = sourcecode.swift; path = BoardTests.swift; sourceTree = "<group>"; };
		3DF2926A20A37FF0006671AC /* Info.plist */ = {isa = PBXFileReference; lastKnownFileType = text.plist.xml; path = Info.plist; sourceTree = "<group>"; };
		3DF2928220A66BEB006671AC /* Tile.swift */ = {isa = PBXFileReference; lastKnownFileType = sourcecode.swift; path = Tile.swift; sourceTree = "<group>"; };
		3DF2928420A76242006671AC /* Board.swift */ = {isa = PBXFileReference; lastKnownFileType = sourcecode.swift; path = Board.swift; sourceTree = "<group>"; };
		5605D6D221CC2DF400C1C5C2 /* DFTileSpriteNode.swift */ = {isa = PBXFileReference; lastKnownFileType = sourcecode.swift; path = DFTileSpriteNode.swift; sourceTree = "<group>"; };
/* End PBXFileReference section */

/* Begin PBXFrameworksBuildPhase section */
		3DF2924720A37FEE006671AC /* Frameworks */ = {
			isa = PBXFrameworksBuildPhase;
			buildActionMask = 2147483647;
			files = (
				3D7D8B3A225436B60016FE4C /* StoreKit.framework in Frameworks */,
			);
			runOnlyForDeploymentPostprocessing = 0;
		};
		3DF2926120A37FF0006671AC /* Frameworks */ = {
			isa = PBXFrameworksBuildPhase;
			buildActionMask = 2147483647;
			files = (
			);
			runOnlyForDeploymentPostprocessing = 0;
		};
/* End PBXFrameworksBuildPhase section */

/* Begin PBXGroup section */
		3D0638FF22EEB4E600C4D5E9 /* GameState */ = {
			isa = PBXGroup;
			children = (
				3DE87C93223D691100D750CF /* GameState.swift */,
				3D06390C22EEB57300C4D5E9 /* WinState.swift */,
				3D06390022EEB4FB00C4D5E9 /* PauseState.swift */,
				3D06390222EEB50C00C4D5E9 /* PlayState.swift */,
				3D06390622EEB53C00C4D5E9 /* ComputingState.swift */,
				3D06390822EEB54E00C4D5E9 /* ReffingState.swift */,
				3D06390A22EEB56100C4D5E9 /* AnimatingState.swift */,
				3D06390422EEB52300C4D5E9 /* LoseState.swift */,
			);
			path = GameState;
			sourceTree = "<group>";
		};
		3D46333822E7A488009159FF /* Objective */ = {
			isa = PBXGroup;
			children = (
				3D46333922E7A4A1009159FF /* ObjectiveTracker.swift */,
			);
			name = Objective;
			sourceTree = "<group>";
		};
		3D528FDD2155B17200EF65CA /* Scenes */ = {
			isa = PBXGroup;
			children = (
				3D528FD52154A50300EF65CA /* GameScene.sks */,
				3DF2925320A37FEE006671AC /* GameScene.swift */,
				3D73D2E521C2226F00DB6FB7 /* PlayerWait.sks */,
				3D674C9222C9D54C0003AEB4 /* LevelSelect.sks */,
				3D674C9422C9D6640003AEB4 /* LevelSelect.swift */,
				3DA0A3822303D62A0041EF34 /* Store */,
			);
			path = Scenes;
			sourceTree = "<group>";
		};
		3D6AACDF222C996900C77B24 /* Header */ = {
			isa = PBXGroup;
			children = (
				3D6AACE0222C997800C77B24 /* Header.swift */,
			);
			path = Header;
			sourceTree = "<group>";
		};
		3D6AACE2222CD22100C77B24 /* Controls */ = {
			isa = PBXGroup;
			children = (
				3D6AACE3222CD38E00C77B24 /* Controls.swift */,
			);
			path = Controls;
			sourceTree = "<group>";
		};
		3D7D8B38225436B60016FE4C /* Frameworks */ = {
			isa = PBXGroup;
			children = (
				3D7D8B39225436B60016FE4C /* StoreKit.framework */,
			);
			name = Frameworks;
			sourceTree = "<group>";
		};
		3DA0A37B2300CDEB0041EF34 /* Abilities */ = {
			isa = PBXGroup;
			children = (
				3DA0A37C2300CDFC0041EF34 /* DoubleAttack.swift */,
				3DA0A37E2300CE3B0041EF34 /* ShieldEast.swift */,
			);
			path = Abilities;
			sourceTree = "<group>";
		};
		3DA0A3822303D62A0041EF34 /* Store */ = {
			isa = PBXGroup;
			children = (
				3D06390E22F1DB8300C4D5E9 /* StoreScene.swift */,
				3DA0A37722FFA6250041EF34 /* StoreItem.swift */,
				3DA0A3802303D46F0041EF34 /* StoreInventory.swift */,
			);
			path = Store;
			sourceTree = "<group>";
		};
		3DA4E881228E5D1B006E90D1 /* Extensions */ = {
			isa = PBXGroup;
			children = (
				3DA4E88A228FC156006E90D1 /* Util.swift */,
				3DE657CC20B0AFD2003492DA /* Int+Extensions.swift */,
				3DA4E882228E5D2F006E90D1 /* SKSpriteNode+Extensions.swift */,
				3DA4E88E228FC860006E90D1 /* SKNode+Extension.swift */,
				3D674C9022C9BFDB0003AEB4 /* UIColor+Extensions.swift */,
				3DA0A37922FFAECE0041EF34 /* UIFont+Extensions.swift */,
				3DA0A383230455B90041EF34 /* CGPoint+Extension.swift */,
				3DA0A385230457580041EF34 /* SKLabelNode+Extension.swift */,
			);
			path = Extensions;
			sourceTree = "<group>";
		};
		3DA4E8922290A732006E90D1 /* JSON */ = {
			isa = PBXGroup;
			children = (
				3DA4E8902290A722006E90D1 /* entities.json */,
			);
			path = JSON;
			sourceTree = "<group>";
		};
		3DA4E8932290A78E006E90D1 /* Animations */ = {
			isa = PBXGroup;
			children = (
				3DB270A422ADBD0100D9BF8B /* player.png */,
				3DA4E8942290A7B4006E90D1 /* gloop.png */,
			);
			path = Animations;
			sourceTree = "<group>";
		};
		3DA4E89A2290AC99006E90D1 /* JSON */ = {
			isa = PBXGroup;
			children = (
				3DA4E89B2290ACB3006E90D1 /* EntityTest.json */,
			);
			path = JSON;
			sourceTree = "<group>";
		};
		3DE87C8C2235D03300D750CF /* Views */ = {
			isa = PBXGroup;
			children = (
				3DE87C8F22374C2C00D750CF /* Button.swift */,
				3DA4E88C228FC7FC006E90D1 /* Label.swift */,
				3D7D8B322253E5BC0016FE4C /* HUD.swift */,
				3D7D8B342253F9850016FE4C /* HelperTextView.swift */,
				3D6AACDF222C996900C77B24 /* Header */,
				3D6AACE2222CD22100C77B24 /* Controls */,
				3DE87C8D2235D05300D750CF /* MenuSpriteNode.swift */,
			);
			path = Views;
			sourceTree = "<group>";
		};
		3DF2924120A37FEE006671AC = {
			isa = PBXGroup;
			children = (
				3D7D8B36225422440016FE4C /* TilesHelper.swift */,
				3D6AACD7222A324D00C77B24 /* CGRectHelpers.swift */,
				3DF2924C20A37FEE006671AC /* DownFall */,
				3DF2926720A37FF0006671AC /* DownFallTests */,
				3DF2924B20A37FEE006671AC /* Products */,
				3D7D8B38225436B60016FE4C /* Frameworks */,
			);
			sourceTree = "<group>";
		};
		3DF2924B20A37FEE006671AC /* Products */ = {
			isa = PBXGroup;
			children = (
				3DF2924A20A37FEE006671AC /* DownFall.app */,
				3DF2926420A37FF0006671AC /* DownFallTests.xctest */,
			);
			name = Products;
			sourceTree = "<group>";
		};
		3DF2924C20A37FEE006671AC /* DownFall */ = {
			isa = PBXGroup;
			children = (
				3DF2924D20A37FEE006671AC /* AppDelegate.swift */,
				3DAFBD3621B8E6E7009B116A /* InputQueue.swift */,
				3DF2925520A37FEE006671AC /* GameViewController.swift */,
				3D528FDD2155B17200EF65CA /* Scenes */,
				3D5FB09320AE768700ACD716 /* AnimationSettings.swift */,
				3DA4E881228E5D1B006E90D1 /* Extensions */,
				3D528FDE2155BD7200EF65CA /* Assets.xcassets */,
				3D90AAD121D8863100C7428A /* Referee.swift */,
				3D46333822E7A488009159FF /* Objective */,
				3D9C505F21FE206000A2210D /* Renderer.swift */,
				3DA0087C21E6D1960017D8DA /* TileCreator.swift */,
				3D0638FF22EEB4E600C4D5E9 /* GameState */,
				3DE87C8C2235D03300D750CF /* Views */,
				3D7D8B2C2252857E0016FE4C /* CombatSimulator.swift */,
				3DF2928120A66A4E006671AC /* Models */,
				3DD36ECA21E5B86100AC4873 /* TileStrategy.swift */,
				3DB270A622AE065300D9BF8B /* Data+Extensions.swift */,
				3DA4E8932290A78E006E90D1 /* Animations */,
				3DA4E8922290A732006E90D1 /* JSON */,
				3DF2925720A37FEE006671AC /* Main.storyboard */,
				3DF2925C20A37FF0006671AC /* LaunchScreen.storyboard */,
				3DF2925F20A37FF0006671AC /* Info.plist */,
				3D4F569522B88A90003695D8 /* HapticGenerator.swift */,
				3D18A39C224D68D300343C29 /* Dispatch.swift */,
				3D4F569122B2D087003695D8 /* SpriteSheet.swift */,
				3D4F569322B33B44003695D8 /* Helpers.swift */,
			);
			path = DownFall;
			sourceTree = "<group>";
		};
		3DF2926720A37FF0006671AC /* DownFallTests */ = {
			isa = PBXGroup;
			children = (
				3DE87C91223D555A00D750CF /* InputQueueTests.swift */,
				3DB270A822B00E0D00D9BF8B /* TileTypeTest+Extensions.swift */,
				3DF2926820A37FF0006671AC /* BoardTests.swift */,
				3D30A4212216888300AFA1E1 /* RendererTests.swift */,
				3D90AACF21D8854300C7428A /* RefereeTests.swift */,
				3DE87C95224068FA00D750CF /* GameStateTests.swift */,
				3DD36ECC21E5BD9100AC4873 /* TileStrategyTests.swift */,
				3D30A4232216892A00AFA1E1 /* BoardMocker.swift */,
				3DF2926A20A37FF0006671AC /* Info.plist */,
				3DA4E8982290AC82006E90D1 /* EntityModelTests.swift */,
				3DA4E89A2290AC99006E90D1 /* JSON */,
			);
			path = DownFallTests;
			sourceTree = "<group>";
		};
		3DF2928120A66A4E006671AC /* Models */ = {
			isa = PBXGroup;
			children = (
				3DA0A37B2300CDEB0041EF34 /* Abilities */,
				3DC9CA1221D1DDD4004D05D5 /* Difficulty.swift */,
				3D58468722A6322900EDD845 /* RangeModel.swift */,
				3D58468B22A632F100EDD845 /* AttackModel.swift */,
				3D58468922A6325300EDD845 /* CarryModel.swift */,
				3DA4E8962290A88C006E90D1 /* EntityModel.swift */,
				3D635E8E22E20CDA0090C99C /* AnimationModel.swift */,
				3D30A42A2217F63500AFA1E1 /* TileCoord.swift */,
				3DF2928220A66BEB006671AC /* Tile.swift */,
				3DF2928420A76242006671AC /* Board.swift */,
				3D7EF45D21D18DAB00A2D9E8 /* TileTransformation.swift */,
				3D7EF45B21D18D9000A2D9E8 /* Transformation.swift */,
				5605D6D221CC2DF400C1C5C2 /* DFTileSpriteNode.swift */,
				3D2C757222C85362009ABD36 /* Direction.swift */,
				3D2C757422C854F8009ABD36 /* ItemModel.swift */,
				3D68BF9522FF3D9000FC9B10 /* AbilityModel.swift */,
			);
			path = Models;
			sourceTree = "<group>";
		};
/* End PBXGroup section */

/* Begin PBXNativeTarget section */
		3DF2924920A37FEE006671AC /* DownFall */ = {
			isa = PBXNativeTarget;
			buildConfigurationList = 3DF2927820A37FF0006671AC /* Build configuration list for PBXNativeTarget "DownFall" */;
			buildPhases = (
				3DF2924620A37FEE006671AC /* Sources */,
				3DF2924720A37FEE006671AC /* Frameworks */,
				3DF2924820A37FEE006671AC /* Resources */,
			);
			buildRules = (
			);
			dependencies = (
			);
			name = DownFall;
			productName = DownFall;
			productReference = 3DF2924A20A37FEE006671AC /* DownFall.app */;
			productType = "com.apple.product-type.application";
		};
		3DF2926320A37FF0006671AC /* DownFallTests */ = {
			isa = PBXNativeTarget;
			buildConfigurationList = 3DF2927B20A37FF0006671AC /* Build configuration list for PBXNativeTarget "DownFallTests" */;
			buildPhases = (
				3DF2926020A37FF0006671AC /* Sources */,
				3DF2926120A37FF0006671AC /* Frameworks */,
				3DF2926220A37FF0006671AC /* Resources */,
			);
			buildRules = (
			);
			dependencies = (
				3DF2926620A37FF0006671AC /* PBXTargetDependency */,
			);
			name = DownFallTests;
			productName = DownFallTests;
			productReference = 3DF2926420A37FF0006671AC /* DownFallTests.xctest */;
			productType = "com.apple.product-type.bundle.unit-test";
		};
/* End PBXNativeTarget section */

/* Begin PBXProject section */
		3DF2924220A37FEE006671AC /* Project object */ = {
			isa = PBXProject;
			attributes = {
				LastSwiftUpdateCheck = 0930;
				LastUpgradeCheck = 0930;
				ORGANIZATIONNAME = "William Katz LLC";
				TargetAttributes = {
					3DF2924920A37FEE006671AC = {
						CreatedOnToolsVersion = 9.3;
						LastSwiftMigration = 1030;
						SystemCapabilities = {
							com.apple.InAppPurchase = {
								enabled = 1;
							};
						};
					};
					3DF2926320A37FF0006671AC = {
						CreatedOnToolsVersion = 9.3;
						LastSwiftMigration = 1030;
						TestTargetID = 3DF2924920A37FEE006671AC;
					};
				};
			};
			buildConfigurationList = 3DF2924520A37FEE006671AC /* Build configuration list for PBXProject "DownFall" */;
			compatibilityVersion = "Xcode 9.3";
			developmentRegion = en;
			hasScannedForEncodings = 0;
			knownRegions = (
				en,
				Base,
			);
			mainGroup = 3DF2924120A37FEE006671AC;
			productRefGroup = 3DF2924B20A37FEE006671AC /* Products */;
			projectDirPath = "";
			projectRoot = "";
			targets = (
				3DF2924920A37FEE006671AC /* DownFall */,
				3DF2926320A37FF0006671AC /* DownFallTests */,
			);
		};
/* End PBXProject section */

/* Begin PBXResourcesBuildPhase section */
		3DF2924820A37FEE006671AC /* Resources */ = {
			isa = PBXResourcesBuildPhase;
			buildActionMask = 2147483647;
			files = (
				3DA4E8952290A7B4006E90D1 /* gloop.png in Resources */,
				3D73D2E621C2226F00DB6FB7 /* PlayerWait.sks in Resources */,
				3DF2925920A37FEE006671AC /* Main.storyboard in Resources */,
				3D528FD62154A50300EF65CA /* GameScene.sks in Resources */,
				3DF2925E20A37FF0006671AC /* LaunchScreen.storyboard in Resources */,
				3DA4E89D2290B156006E90D1 /* EntityTest.json in Resources */,
				3D674C9322C9D54C0003AEB4 /* LevelSelect.sks in Resources */,
				3DA4E8912290A722006E90D1 /* entities.json in Resources */,
				3D528FDF2155BD7300EF65CA /* Assets.xcassets in Resources */,
				3DB270A522ADBD0100D9BF8B /* player.png in Resources */,
			);
			runOnlyForDeploymentPostprocessing = 0;
		};
		3DF2926220A37FF0006671AC /* Resources */ = {
			isa = PBXResourcesBuildPhase;
			buildActionMask = 2147483647;
			files = (
				3DA4E89C2290ACB3006E90D1 /* EntityTest.json in Resources */,
			);
			runOnlyForDeploymentPostprocessing = 0;
		};
/* End PBXResourcesBuildPhase section */

/* Begin PBXSourcesBuildPhase section */
		3DF2924620A37FEE006671AC /* Sources */ = {
			isa = PBXSourcesBuildPhase;
			buildActionMask = 2147483647;
			files = (
				3D4F569422B33B44003695D8 /* Helpers.swift in Sources */,
				3DF2925420A37FEE006671AC /* GameScene.swift in Sources */,
				3D06390B22EEB56100C4D5E9 /* AnimatingState.swift in Sources */,
				3D5FB09420AE768700ACD716 /* AnimationSettings.swift in Sources */,
				3D68BF9622FF3D9000FC9B10 /* AbilityModel.swift in Sources */,
				3DF2925620A37FEE006671AC /* GameViewController.swift in Sources */,
				3D7EF45C21D18D9000A2D9E8 /* Transformation.swift in Sources */,
				3D6AACE4222CD38E00C77B24 /* Controls.swift in Sources */,
				3D4F569622B88A90003695D8 /* HapticGenerator.swift in Sources */,
				3D7EF45E21D18DAB00A2D9E8 /* TileTransformation.swift in Sources */,
				3DB270A722AE065300D9BF8B /* Data+Extensions.swift in Sources */,
				3DF2928520A76242006671AC /* Board.swift in Sources */,
				3D7D8B37225422440016FE4C /* TilesHelper.swift in Sources */,
				3DAFBD3721B8E6E7009B116A /* InputQueue.swift in Sources */,
				5605D6D321CC2DF400C1C5C2 /* DFTileSpriteNode.swift in Sources */,
				3DA0A384230455B90041EF34 /* CGPoint+Extension.swift in Sources */,
				3DA0A386230457580041EF34 /* SKLabelNode+Extension.swift in Sources */,
				3D6AACD8222A324D00C77B24 /* CGRectHelpers.swift in Sources */,
				3DE657CD20B0AFD2003492DA /* Int+Extensions.swift in Sources */,
				3DA0087D21E6D1960017D8DA /* TileCreator.swift in Sources */,
				3D06390522EEB52300C4D5E9 /* LoseState.swift in Sources */,
				3D30A42B2217F63500AFA1E1 /* TileCoord.swift in Sources */,
				3D58468C22A632F100EDD845 /* AttackModel.swift in Sources */,
				3D06390922EEB54E00C4D5E9 /* ReffingState.swift in Sources */,
				3D635E8F22E20CDA0090C99C /* AnimationModel.swift in Sources */,
				3DE87C94223D691100D750CF /* GameState.swift in Sources */,
				3D674C9122C9BFDB0003AEB4 /* UIColor+Extensions.swift in Sources */,
				3D46333A22E7A4A1009159FF /* ObjectiveTracker.swift in Sources */,
				3DA4E883228E5D2F006E90D1 /* SKSpriteNode+Extensions.swift in Sources */,
				3D58468822A6322900EDD845 /* RangeModel.swift in Sources */,
				3DA0A37A22FFAECE0041EF34 /* UIFont+Extensions.swift in Sources */,
				3DE87C9022374C2C00D750CF /* Button.swift in Sources */,
				3DA0A37F2300CE3B0041EF34 /* ShieldEast.swift in Sources */,
				3DF2924E20A37FEE006671AC /* AppDelegate.swift in Sources */,
				3D06390122EEB4FB00C4D5E9 /* PauseState.swift in Sources */,
				3D58468A22A6325300EDD845 /* CarryModel.swift in Sources */,
				3DF2928320A66BEB006671AC /* Tile.swift in Sources */,
				3DA4E88B228FC156006E90D1 /* Util.swift in Sources */,
				3DE87C8E2235D05300D750CF /* MenuSpriteNode.swift in Sources */,
				3D6AACE1222C997800C77B24 /* Header.swift in Sources */,
				3DA0A3812303D46F0041EF34 /* StoreInventory.swift in Sources */,
				3D06390322EEB50C00C4D5E9 /* PlayState.swift in Sources */,
				3DD36ECB21E5B86100AC4873 /* TileStrategy.swift in Sources */,
				3DA0A37822FFA6250041EF34 /* StoreItem.swift in Sources */,
				3D06390F22F1DB8300C4D5E9 /* StoreScene.swift in Sources */,
				3D90AAD321D8869200C7428A /* Referee.swift in Sources */,
				3DA0A37D2300CDFC0041EF34 /* DoubleAttack.swift in Sources */,
				3D9C506021FE206000A2210D /* Renderer.swift in Sources */,
				3DA4E88F228FC860006E90D1 /* SKNode+Extension.swift in Sources */,
				3DC9CA1321D1DDD4004D05D5 /* Difficulty.swift in Sources */,
				3D06390D22EEB57300C4D5E9 /* WinState.swift in Sources */,
				3D4F569222B2D087003695D8 /* SpriteSheet.swift in Sources */,
				3D2C757322C85362009ABD36 /* Direction.swift in Sources */,
				3D7D8B332253E5BC0016FE4C /* HUD.swift in Sources */,
				3D2C757522C854F8009ABD36 /* ItemModel.swift in Sources */,
				3D18A39D224D68D300343C29 /* Dispatch.swift in Sources */,
				3D7D8B2D2252857E0016FE4C /* CombatSimulator.swift in Sources */,
				3DA4E8972290A88C006E90D1 /* EntityModel.swift in Sources */,
				3D06390722EEB53C00C4D5E9 /* ComputingState.swift in Sources */,
				3D674C9522C9D6640003AEB4 /* LevelSelect.swift in Sources */,
				3DA4E88D228FC7FC006E90D1 /* Label.swift in Sources */,
				3D7D8B352253F9850016FE4C /* HelperTextView.swift in Sources */,
			);
			runOnlyForDeploymentPostprocessing = 0;
		};
		3DF2926020A37FF0006671AC /* Sources */ = {
			isa = PBXSourcesBuildPhase;
			buildActionMask = 2147483647;
			files = (
				3DE87C92223D555A00D750CF /* InputQueueTests.swift in Sources */,
				3D30A4292216899E00AFA1E1 /* BoardMocker.swift in Sources */,
				3DF2926920A37FF0006671AC /* BoardTests.swift in Sources */,
				3DD36ECD21E5BD9100AC4873 /* TileStrategyTests.swift in Sources */,
				3D30A4222216888300AFA1E1 /* RendererTests.swift in Sources */,
				3DA4E8992290AC82006E90D1 /* EntityModelTests.swift in Sources */,
				3DB270A922B00E0D00D9BF8B /* TileTypeTest+Extensions.swift in Sources */,
				3D90AAD021D8854300C7428A /* RefereeTests.swift in Sources */,
				3DE87C96224068FA00D750CF /* GameStateTests.swift in Sources */,
			);
			runOnlyForDeploymentPostprocessing = 0;
		};
/* End PBXSourcesBuildPhase section */

/* Begin PBXTargetDependency section */
		3DF2926620A37FF0006671AC /* PBXTargetDependency */ = {
			isa = PBXTargetDependency;
			target = 3DF2924920A37FEE006671AC /* DownFall */;
			targetProxy = 3DF2926520A37FF0006671AC /* PBXContainerItemProxy */;
		};
/* End PBXTargetDependency section */

/* Begin PBXVariantGroup section */
		3DF2925720A37FEE006671AC /* Main.storyboard */ = {
			isa = PBXVariantGroup;
			children = (
				3DF2925820A37FEE006671AC /* Base */,
			);
			name = Main.storyboard;
			sourceTree = "<group>";
		};
		3DF2925C20A37FF0006671AC /* LaunchScreen.storyboard */ = {
			isa = PBXVariantGroup;
			children = (
				3DF2925D20A37FF0006671AC /* Base */,
			);
			name = LaunchScreen.storyboard;
			sourceTree = "<group>";
		};
/* End PBXVariantGroup section */

/* Begin XCBuildConfiguration section */
		3DF2927620A37FF0006671AC /* Debug */ = {
			isa = XCBuildConfiguration;
			buildSettings = {
				ALWAYS_SEARCH_USER_PATHS = NO;
				CLANG_ANALYZER_NONNULL = YES;
				CLANG_ANALYZER_NUMBER_OBJECT_CONVERSION = YES_AGGRESSIVE;
				CLANG_CXX_LANGUAGE_STANDARD = "gnu++14";
				CLANG_CXX_LIBRARY = "libc++";
				CLANG_ENABLE_MODULES = YES;
				CLANG_ENABLE_OBJC_ARC = YES;
				CLANG_ENABLE_OBJC_WEAK = YES;
				CLANG_WARN_BLOCK_CAPTURE_AUTORELEASING = YES;
				CLANG_WARN_BOOL_CONVERSION = YES;
				CLANG_WARN_COMMA = YES;
				CLANG_WARN_CONSTANT_CONVERSION = YES;
				CLANG_WARN_DEPRECATED_OBJC_IMPLEMENTATIONS = YES;
				CLANG_WARN_DIRECT_OBJC_ISA_USAGE = YES_ERROR;
				CLANG_WARN_DOCUMENTATION_COMMENTS = YES;
				CLANG_WARN_EMPTY_BODY = YES;
				CLANG_WARN_ENUM_CONVERSION = YES;
				CLANG_WARN_INFINITE_RECURSION = YES;
				CLANG_WARN_INT_CONVERSION = YES;
				CLANG_WARN_NON_LITERAL_NULL_CONVERSION = YES;
				CLANG_WARN_OBJC_IMPLICIT_RETAIN_SELF = YES;
				CLANG_WARN_OBJC_LITERAL_CONVERSION = YES;
				CLANG_WARN_OBJC_ROOT_CLASS = YES_ERROR;
				CLANG_WARN_RANGE_LOOP_ANALYSIS = YES;
				CLANG_WARN_STRICT_PROTOTYPES = YES;
				CLANG_WARN_SUSPICIOUS_MOVE = YES;
				CLANG_WARN_UNGUARDED_AVAILABILITY = YES_AGGRESSIVE;
				CLANG_WARN_UNREACHABLE_CODE = YES;
				CLANG_WARN__DUPLICATE_METHOD_MATCH = YES;
				CODE_SIGN_IDENTITY = "iPhone Developer";
				COPY_PHASE_STRIP = NO;
				DEBUG_INFORMATION_FORMAT = dwarf;
				ENABLE_STRICT_OBJC_MSGSEND = YES;
				ENABLE_TESTABILITY = YES;
				GCC_C_LANGUAGE_STANDARD = gnu11;
				GCC_DYNAMIC_NO_PIC = NO;
				GCC_NO_COMMON_BLOCKS = YES;
				GCC_OPTIMIZATION_LEVEL = 0;
				GCC_PREPROCESSOR_DEFINITIONS = (
					"DEBUG=1",
					"$(inherited)",
				);
				GCC_WARN_64_TO_32_BIT_CONVERSION = YES;
				GCC_WARN_ABOUT_RETURN_TYPE = YES_ERROR;
				GCC_WARN_UNDECLARED_SELECTOR = YES;
				GCC_WARN_UNINITIALIZED_AUTOS = YES_AGGRESSIVE;
				GCC_WARN_UNUSED_FUNCTION = YES;
				GCC_WARN_UNUSED_VARIABLE = YES;
				IPHONEOS_DEPLOYMENT_TARGET = 11.3;
				MTL_ENABLE_DEBUG_INFO = YES;
				ONLY_ACTIVE_ARCH = YES;
				SDKROOT = iphoneos;
				SWIFT_ACTIVE_COMPILATION_CONDITIONS = DEBUG;
				SWIFT_OPTIMIZATION_LEVEL = "-Onone";
			};
			name = Debug;
		};
		3DF2927720A37FF0006671AC /* Release */ = {
			isa = XCBuildConfiguration;
			buildSettings = {
				ALWAYS_SEARCH_USER_PATHS = NO;
				CLANG_ANALYZER_NONNULL = YES;
				CLANG_ANALYZER_NUMBER_OBJECT_CONVERSION = YES_AGGRESSIVE;
				CLANG_CXX_LANGUAGE_STANDARD = "gnu++14";
				CLANG_CXX_LIBRARY = "libc++";
				CLANG_ENABLE_MODULES = YES;
				CLANG_ENABLE_OBJC_ARC = YES;
				CLANG_ENABLE_OBJC_WEAK = YES;
				CLANG_WARN_BLOCK_CAPTURE_AUTORELEASING = YES;
				CLANG_WARN_BOOL_CONVERSION = YES;
				CLANG_WARN_COMMA = YES;
				CLANG_WARN_CONSTANT_CONVERSION = YES;
				CLANG_WARN_DEPRECATED_OBJC_IMPLEMENTATIONS = YES;
				CLANG_WARN_DIRECT_OBJC_ISA_USAGE = YES_ERROR;
				CLANG_WARN_DOCUMENTATION_COMMENTS = YES;
				CLANG_WARN_EMPTY_BODY = YES;
				CLANG_WARN_ENUM_CONVERSION = YES;
				CLANG_WARN_INFINITE_RECURSION = YES;
				CLANG_WARN_INT_CONVERSION = YES;
				CLANG_WARN_NON_LITERAL_NULL_CONVERSION = YES;
				CLANG_WARN_OBJC_IMPLICIT_RETAIN_SELF = YES;
				CLANG_WARN_OBJC_LITERAL_CONVERSION = YES;
				CLANG_WARN_OBJC_ROOT_CLASS = YES_ERROR;
				CLANG_WARN_RANGE_LOOP_ANALYSIS = YES;
				CLANG_WARN_STRICT_PROTOTYPES = YES;
				CLANG_WARN_SUSPICIOUS_MOVE = YES;
				CLANG_WARN_UNGUARDED_AVAILABILITY = YES_AGGRESSIVE;
				CLANG_WARN_UNREACHABLE_CODE = YES;
				CLANG_WARN__DUPLICATE_METHOD_MATCH = YES;
				CODE_SIGN_IDENTITY = "iPhone Developer";
				COPY_PHASE_STRIP = NO;
				DEBUG_INFORMATION_FORMAT = "dwarf-with-dsym";
				ENABLE_NS_ASSERTIONS = NO;
				ENABLE_STRICT_OBJC_MSGSEND = YES;
				GCC_C_LANGUAGE_STANDARD = gnu11;
				GCC_NO_COMMON_BLOCKS = YES;
				GCC_WARN_64_TO_32_BIT_CONVERSION = YES;
				GCC_WARN_ABOUT_RETURN_TYPE = YES_ERROR;
				GCC_WARN_UNDECLARED_SELECTOR = YES;
				GCC_WARN_UNINITIALIZED_AUTOS = YES_AGGRESSIVE;
				GCC_WARN_UNUSED_FUNCTION = YES;
				GCC_WARN_UNUSED_VARIABLE = YES;
				IPHONEOS_DEPLOYMENT_TARGET = 11.3;
				MTL_ENABLE_DEBUG_INFO = NO;
				SDKROOT = iphoneos;
				SWIFT_COMPILATION_MODE = wholemodule;
				SWIFT_OPTIMIZATION_LEVEL = "-O";
				VALIDATE_PRODUCT = YES;
			};
			name = Release;
		};
		3DF2927920A37FF0006671AC /* Debug */ = {
			isa = XCBuildConfiguration;
			buildSettings = {
				ASSETCATALOG_COMPILER_APPICON_NAME = AppIcon;
				CODE_SIGN_STYLE = Automatic;
				DEVELOPMENT_TEAM = G6N5X5RF9Q;
				INFOPLIST_FILE = DownFall/Info.plist;
				LD_RUNPATH_SEARCH_PATHS = (
					"$(inherited)",
					"@executable_path/Frameworks",
				);
				PRODUCT_BUNDLE_IDENTIFIER = com.williamKatz.DroppedDown;
				PRODUCT_NAME = "$(TARGET_NAME)";
				SWIFT_VERSION = 5.0;
				TARGETED_DEVICE_FAMILY = "1,2";
			};
			name = Debug;
		};
		3DF2927A20A37FF0006671AC /* Release */ = {
			isa = XCBuildConfiguration;
			buildSettings = {
				ASSETCATALOG_COMPILER_APPICON_NAME = AppIcon;
				CODE_SIGN_STYLE = Automatic;
				DEVELOPMENT_TEAM = G6N5X5RF9Q;
				INFOPLIST_FILE = DownFall/Info.plist;
				LD_RUNPATH_SEARCH_PATHS = (
					"$(inherited)",
					"@executable_path/Frameworks",
				);
				PRODUCT_BUNDLE_IDENTIFIER = com.williamKatz.DroppedDown;
				PRODUCT_NAME = "$(TARGET_NAME)";
				SWIFT_VERSION = 5.0;
				TARGETED_DEVICE_FAMILY = "1,2";
			};
			name = Release;
		};
		3DF2927C20A37FF0006671AC /* Debug */ = {
			isa = XCBuildConfiguration;
			buildSettings = {
				ALWAYS_EMBED_SWIFT_STANDARD_LIBRARIES = YES;
				BUNDLE_LOADER = "$(TEST_HOST)";
				CODE_SIGN_STYLE = Automatic;
				DEVELOPMENT_TEAM = G6N5X5RF9Q;
				INFOPLIST_FILE = DownFallTests/Info.plist;
				LD_RUNPATH_SEARCH_PATHS = (
					"$(inherited)",
					"@executable_path/Frameworks",
					"@loader_path/Frameworks",
				);
				PRODUCT_BUNDLE_IDENTIFIER = com.williamKatz.DownFallTests;
				PRODUCT_NAME = "$(TARGET_NAME)";
				SWIFT_VERSION = 5.0;
				TARGETED_DEVICE_FAMILY = "1,2";
				TEST_HOST = "$(BUILT_PRODUCTS_DIR)/DownFall.app/DownFall";
			};
			name = Debug;
		};
		3DF2927D20A37FF0006671AC /* Release */ = {
			isa = XCBuildConfiguration;
			buildSettings = {
				ALWAYS_EMBED_SWIFT_STANDARD_LIBRARIES = YES;
				BUNDLE_LOADER = "$(TEST_HOST)";
				CODE_SIGN_STYLE = Automatic;
				DEVELOPMENT_TEAM = G6N5X5RF9Q;
				INFOPLIST_FILE = DownFallTests/Info.plist;
				LD_RUNPATH_SEARCH_PATHS = (
					"$(inherited)",
					"@executable_path/Frameworks",
					"@loader_path/Frameworks",
				);
				PRODUCT_BUNDLE_IDENTIFIER = com.williamKatz.DownFallTests;
				PRODUCT_NAME = "$(TARGET_NAME)";
				SWIFT_VERSION = 5.0;
				TARGETED_DEVICE_FAMILY = "1,2";
				TEST_HOST = "$(BUILT_PRODUCTS_DIR)/DownFall.app/DownFall";
			};
			name = Release;
		};
/* End XCBuildConfiguration section */

/* Begin XCConfigurationList section */
		3DF2924520A37FEE006671AC /* Build configuration list for PBXProject "DownFall" */ = {
			isa = XCConfigurationList;
			buildConfigurations = (
				3DF2927620A37FF0006671AC /* Debug */,
				3DF2927720A37FF0006671AC /* Release */,
			);
			defaultConfigurationIsVisible = 0;
			defaultConfigurationName = Release;
		};
		3DF2927820A37FF0006671AC /* Build configuration list for PBXNativeTarget "DownFall" */ = {
			isa = XCConfigurationList;
			buildConfigurations = (
				3DF2927920A37FF0006671AC /* Debug */,
				3DF2927A20A37FF0006671AC /* Release */,
			);
			defaultConfigurationIsVisible = 0;
			defaultConfigurationName = Release;
		};
		3DF2927B20A37FF0006671AC /* Build configuration list for PBXNativeTarget "DownFallTests" */ = {
			isa = XCConfigurationList;
			buildConfigurations = (
				3DF2927C20A37FF0006671AC /* Debug */,
				3DF2927D20A37FF0006671AC /* Release */,
			);
			defaultConfigurationIsVisible = 0;
			defaultConfigurationName = Release;
		};
/* End XCConfigurationList section */
	};
	rootObject = 3DF2924220A37FEE006671AC /* Project object */;
}
